
Microsoft Visual Studio Solution File, Format Version 12.00
# Visual Studio Version 16
VisualStudioVersion = 16.0.31424.327
MinimumVisualStudioVersion = 10.0.40219.1
Project("{9A19103F-16F7-4668-BE54-9A1E7A4F7556}") = "BookStore.Server", "BookStore.Server\BookStore.Server.csproj", "{9E701BA8-FB08-4435-9064-D7E439382CB2}"
EndProject
Project("{2150E333-8FDC-42A3-9474-1A3956D46DE8}") = "Modules", "Modules", "{21F96895-3756-4412-94DF-55A103832A06}"
EndProject
Project("{2150E333-8FDC-42A3-9474-1A3956D46DE8}") = "Infrastructure", "Infrastructure", "{4FE6E144-D260-4941-95CB-E0A7F28AA71E}"
EndProject
Project("{2150E333-8FDC-42A3-9474-1A3956D46DE8}") = "BooksCatalog", "BooksCatalog", "{9E419B91-01D8-45EF-BFDC-BD6A5126980E}"
EndProject
Project("{2150E333-8FDC-42A3-9474-1A3956D46DE8}") = "PrimaryPorts", "PrimaryPorts", "{E53557EB-756F-42FF-861F-3741407D84CB}"
EndProject
Project("{9A19103F-16F7-4668-BE54-9A1E7A4F7556}") = "BookStore.Adapters.BooksCatalog", "BookStore.Adapters.BooksCatalog\BookStore.Adapters.BooksCatalog.csproj", "{1DC7A7C5-8936-4AB8-AC49-CAA6C0568E01}"
EndProject
Project("{9A19103F-16F7-4668-BE54-9A1E7A4F7556}") = "BookStore.Ports.Interop.BooksCatalog", "BookStore.Ports.Interop.BooksCatalog\BookStore.Ports.Interop.BooksCatalog.csproj", "{14762533-B8FD-4A44-99DD-EDF326535806}"
EndProject
Project("{9A19103F-16F7-4668-BE54-9A1E7A4F7556}") = "BookStore.Ports.Web.BooksCatalog", "BookStore.Ports.Web.BooksCatalog\BookStore.Ports.Web.BooksCatalog.csproj", "{D35AB55E-22A8-493A-97D4-7323707CCF88}"
EndProject
Project("{2150E333-8FDC-42A3-9474-1A3956D46DE8}") = "SecondaryPorts", "SecondaryPorts", "{5B854002-A6E7-45D1-BE3D-CB07142A4FF6}"
EndProject
Project("{9A19103F-16F7-4668-BE54-9A1E7A4F7556}") = "BookStore.Adapters.DataAccess.BooksCatalog", "BookStore.Adapters.DataAccess,BooksCatalog\BookStore.Adapters.DataAccess.BooksCatalog.csproj", "{DD6EE37A-D62E-44A4-8697-1FBFEFAEF26C}"
EndProject
Project("{9A19103F-16F7-4668-BE54-9A1E7A4F7556}") = "BookStore.Ports.DataAccess.BooksCatalog", "BookStore.Ports.DataAccess.BooksCatalog\BookStore.Ports.DataAccess.BooksCatalog.csproj", "{EB0F65A5-4694-42D9-9AA8-4A8B1590164F}"
EndProject
Project("{9A19103F-16F7-4668-BE54-9A1E7A4F7556}") = "BookStore.DbUpgrade.BooksCatalog", "BookStore.DbUpgrade.BooksCatalog\BookStore.DbUpgrade.BooksCatalog.csproj", "{7AE81256-43AC-4F1D-B5A3-C2D1126791AC}"
EndProject
Project("{9A19103F-16F7-4668-BE54-9A1E7A4F7556}") = "BookStore.Domain.BooksCatalog", "BookStore.Domain.BooksCatalog\BookStore.Domain.BooksCatalog.csproj", "{8DF26124-AE30-4006-A53C-CE4897728F71}"
EndProject
Project("{9A19103F-16F7-4668-BE54-9A1E7A4F7556}") = "BookStore.Entitites.BooksCatalog", "BookStore.Entitites.BooksCatalog\BookStore.Entitites.BooksCatalog.csproj", "{59EF6E83-CD76-474E-A680-FEF3C7AF470E}"
EndProject
Project("{2150E333-8FDC-42A3-9474-1A3956D46DE8}") = "Order", "Order", "{D14B3E9D-8C64-4380-A046-0CDD0DEDF505}"
EndProject
Project("{2150E333-8FDC-42A3-9474-1A3956D46DE8}") = "PrimaryPorts", "PrimaryPorts", "{E0C99F76-EFD0-4AD3-8E71-7ED16804B455}"
EndProject
Project("{2150E333-8FDC-42A3-9474-1A3956D46DE8}") = "SecondaryPorts", "SecondaryPorts", "{59C66050-2869-4147-A1A8-DCE3AC8E9020}"
EndProject
Project("{9A19103F-16F7-4668-BE54-9A1E7A4F7556}") = "BookStore.DbUpgrade.Order", "BookStore.DbUpgrade.Order\BookStore.DbUpgrade.Order.csproj", "{FF38FA54-7C9D-4176-B4F5-84572ECD2B92}"
EndProject
Project("{9A19103F-16F7-4668-BE54-9A1E7A4F7556}") = "BookStore.Domain.Order", "BookStore.Domain.Order\BookStore.Domain.Order.csproj", "{EE80F8A8-1AF3-4F14-9EC1-583DA1E24E4A}"
EndProject
Project("{9A19103F-16F7-4668-BE54-9A1E7A4F7556}") = "BookStore.Entities.Order", "BookStore.Enties.Order\BookStore.Entities.Order.csproj", "{D85E22FF-3D7A-4BF1-90FC-2458B5E67EFA}"
EndProject
Project("{9A19103F-16F7-4668-BE54-9A1E7A4F7556}") = "BookStore.Adaptes.Web.Order", "BookStore.Adaptes.Web.Order\BookStore.Adaptes.Web.Order.csproj", "{7043678C-7EF2-4447-99C3-59617E845969}"
EndProject
Project("{9A19103F-16F7-4668-BE54-9A1E7A4F7556}") = "BookStore.Ports.Web.Order", "BookStore.Ports.Web.Order\BookStore.Ports.Web.Order.csproj", "{4802ED6B-F29F-42B5-BEB1-DF208DC3F25B}"
EndProject
Project("{9A19103F-16F7-4668-BE54-9A1E7A4F7556}") = "BookStore.Adapters.DataAccess.Order", "BookStore.Adapters.DataAccess.Order\BookStore.Adapters.DataAccess.Order.csproj", "{ED2F5167-4536-417F-BCB2-9D25AE630D6D}"
EndProject
Project("{9A19103F-16F7-4668-BE54-9A1E7A4F7556}") = "BookStore.Ports.DataAccess.Order", "BookStore.Ports.DataAccess.Order\BookStore.Ports.DataAccess.Order.csproj", "{E8C3B552-5FAD-47F0-9B95-C3D95F23034F}"
EndProject
Project("{9A19103F-16F7-4668-BE54-9A1E7A4F7556}") = "BookStore.Infrastructure", "BookStore.Infrastructure\BookStore.Infrastructure.csproj", "{15E007A8-5DB7-4D7C-B5FB-0F9496AF4E0E}"
EndProject
Project("{2150E333-8FDC-42A3-9474-1A3956D46DE8}") = "Login", "Login", "{8323FB37-037C-4688-BEE7-627A3439F2E8}"
EndProject
Project("{2150E333-8FDC-42A3-9474-1A3956D46DE8}") = "Cart", "Cart", "{F3005259-5873-4A42-B01A-17837DD2B0F3}"
EndProject
Project("{2150E333-8FDC-42A3-9474-1A3956D46DE8}") = "PrimaryPorts", "PrimaryPorts", "{C97C0676-6508-4E2A-9130-38C74A926CD9}"
EndProject
Project("{2150E333-8FDC-42A3-9474-1A3956D46DE8}") = "SecondaryPorts", "SecondaryPorts", "{7DE95AC6-C92B-4806-BBA9-AE4B82C04E05}"
EndProject
Project("{9A19103F-16F7-4668-BE54-9A1E7A4F7556}") = "BookStore.DbUpgrade.Cart", "BookStore.DbUpgrade.Cart\BookStore.DbUpgrade.Cart.csproj", "{EB14EA65-BDD1-467A-A87F-69331A36CA38}"
EndProject
Project("{9A19103F-16F7-4668-BE54-9A1E7A4F7556}") = "BookStore.Domain.Cart", "BookStore.Domain.Cart\BookStore.Domain.Cart.csproj", "{C33D82CA-1BE4-4C54-86C4-B89C95CD5C57}"
EndProject
Project("{9A19103F-16F7-4668-BE54-9A1E7A4F7556}") = "BookStore.Entities.Cart", "BookStore.Entities.Cart\BookStore.Entities.Cart.csproj", "{44E7B26F-57D2-4BBC-B00C-7F4EC83EBAAA}"
EndProject
Project("{9A19103F-16F7-4668-BE54-9A1E7A4F7556}") = "BookStore.Web.Client", "BookStore.Web.Client\BookStore.Web.Client.csproj", "{09516178-B141-486A-8223-0A11BA83C608}"
EndProject
Project("{2150E333-8FDC-42A3-9474-1A3956D46DE8}") = "PrimaryPorts", "PrimaryPorts", "{AC99B2AB-E803-45E5-819E-4679A1A2402F}"
EndProject
Project("{9A19103F-16F7-4668-BE54-9A1E7A4F7556}") = "BookStore.Ports.Web.LogIn", "BookStore.Ports.Web.LogIn\BookStore.Ports.Web.LogIn.csproj", "{C3B31911-6F98-42FC-B30A-D978F14BD1DF}"
EndProject
Project("{9A19103F-16F7-4668-BE54-9A1E7A4F7556}") = "BookStore.Adapters.Web.LogIn", "BookStore.Adapters.Web.LogIn\BookStore.Adapters.Web.LogIn.csproj", "{E742989F-7C49-4134-A8A9-60F8B1F680CF}"
EndProject
Project("{9A19103F-16F7-4668-BE54-9A1E7A4F7556}") = "BookStore.Domain.LogIn", "BookStore.Domain.LogIn\BookStore.Domain.LogIn.csproj", "{7DA18D90-2955-4A8A-8F73-00FA706FCE45}"
EndProject
Global
	GlobalSection(SolutionConfigurationPlatforms) = preSolution
		Debug|Any CPU = Debug|Any CPU
		Release|Any CPU = Release|Any CPU
	EndGlobalSection
	GlobalSection(ProjectConfigurationPlatforms) = postSolution
		{9E701BA8-FB08-4435-9064-D7E439382CB2}.Debug|Any CPU.ActiveCfg = Debug|Any CPU
		{9E701BA8-FB08-4435-9064-D7E439382CB2}.Debug|Any CPU.Build.0 = Debug|Any CPU
		{9E701BA8-FB08-4435-9064-D7E439382CB2}.Release|Any CPU.ActiveCfg = Release|Any CPU
		{9E701BA8-FB08-4435-9064-D7E439382CB2}.Release|Any CPU.Build.0 = Release|Any CPU
		{1DC7A7C5-8936-4AB8-AC49-CAA6C0568E01}.Debug|Any CPU.ActiveCfg = Debug|Any CPU
		{1DC7A7C5-8936-4AB8-AC49-CAA6C0568E01}.Debug|Any CPU.Build.0 = Debug|Any CPU
		{1DC7A7C5-8936-4AB8-AC49-CAA6C0568E01}.Release|Any CPU.ActiveCfg = Release|Any CPU
		{1DC7A7C5-8936-4AB8-AC49-CAA6C0568E01}.Release|Any CPU.Build.0 = Release|Any CPU
		{14762533-B8FD-4A44-99DD-EDF326535806}.Debug|Any CPU.ActiveCfg = Debug|Any CPU
		{14762533-B8FD-4A44-99DD-EDF326535806}.Debug|Any CPU.Build.0 = Debug|Any CPU
		{14762533-B8FD-4A44-99DD-EDF326535806}.Release|Any CPU.ActiveCfg = Release|Any CPU
		{14762533-B8FD-4A44-99DD-EDF326535806}.Release|Any CPU.Build.0 = Release|Any CPU
		{D35AB55E-22A8-493A-97D4-7323707CCF88}.Debug|Any CPU.ActiveCfg = Debug|Any CPU
		{D35AB55E-22A8-493A-97D4-7323707CCF88}.Debug|Any CPU.Build.0 = Debug|Any CPU
		{D35AB55E-22A8-493A-97D4-7323707CCF88}.Release|Any CPU.ActiveCfg = Release|Any CPU
		{D35AB55E-22A8-493A-97D4-7323707CCF88}.Release|Any CPU.Build.0 = Release|Any CPU
		{DD6EE37A-D62E-44A4-8697-1FBFEFAEF26C}.Debug|Any CPU.ActiveCfg = Debug|Any CPU
		{DD6EE37A-D62E-44A4-8697-1FBFEFAEF26C}.Debug|Any CPU.Build.0 = Debug|Any CPU
		{DD6EE37A-D62E-44A4-8697-1FBFEFAEF26C}.Release|Any CPU.ActiveCfg = Release|Any CPU
		{DD6EE37A-D62E-44A4-8697-1FBFEFAEF26C}.Release|Any CPU.Build.0 = Release|Any CPU
		{EB0F65A5-4694-42D9-9AA8-4A8B1590164F}.Debug|Any CPU.ActiveCfg = Debug|Any CPU
		{EB0F65A5-4694-42D9-9AA8-4A8B1590164F}.Debug|Any CPU.Build.0 = Debug|Any CPU
		{EB0F65A5-4694-42D9-9AA8-4A8B1590164F}.Release|Any CPU.ActiveCfg = Release|Any CPU
		{EB0F65A5-4694-42D9-9AA8-4A8B1590164F}.Release|Any CPU.Build.0 = Release|Any CPU
		{7AE81256-43AC-4F1D-B5A3-C2D1126791AC}.Debug|Any CPU.ActiveCfg = Debug|Any CPU
		{7AE81256-43AC-4F1D-B5A3-C2D1126791AC}.Debug|Any CPU.Build.0 = Debug|Any CPU
		{7AE81256-43AC-4F1D-B5A3-C2D1126791AC}.Release|Any CPU.ActiveCfg = Release|Any CPU
		{7AE81256-43AC-4F1D-B5A3-C2D1126791AC}.Release|Any CPU.Build.0 = Release|Any CPU
		{8DF26124-AE30-4006-A53C-CE4897728F71}.Debug|Any CPU.ActiveCfg = Debug|Any CPU
		{8DF26124-AE30-4006-A53C-CE4897728F71}.Debug|Any CPU.Build.0 = Debug|Any CPU
		{8DF26124-AE30-4006-A53C-CE4897728F71}.Release|Any CPU.ActiveCfg = Release|Any CPU
		{8DF26124-AE30-4006-A53C-CE4897728F71}.Release|Any CPU.Build.0 = Release|Any CPU
		{59EF6E83-CD76-474E-A680-FEF3C7AF470E}.Debug|Any CPU.ActiveCfg = Debug|Any CPU
		{59EF6E83-CD76-474E-A680-FEF3C7AF470E}.Debug|Any CPU.Build.0 = Debug|Any CPU
		{59EF6E83-CD76-474E-A680-FEF3C7AF470E}.Release|Any CPU.ActiveCfg = Release|Any CPU
		{59EF6E83-CD76-474E-A680-FEF3C7AF470E}.Release|Any CPU.Build.0 = Release|Any CPU
		{FF38FA54-7C9D-4176-B4F5-84572ECD2B92}.Debug|Any CPU.ActiveCfg = Debug|Any CPU
		{FF38FA54-7C9D-4176-B4F5-84572ECD2B92}.Debug|Any CPU.Build.0 = Debug|Any CPU
		{FF38FA54-7C9D-4176-B4F5-84572ECD2B92}.Release|Any CPU.ActiveCfg = Release|Any CPU
		{FF38FA54-7C9D-4176-B4F5-84572ECD2B92}.Release|Any CPU.Build.0 = Release|Any CPU
		{EE80F8A8-1AF3-4F14-9EC1-583DA1E24E4A}.Debug|Any CPU.ActiveCfg = Debug|Any CPU
		{EE80F8A8-1AF3-4F14-9EC1-583DA1E24E4A}.Debug|Any CPU.Build.0 = Debug|Any CPU
		{EE80F8A8-1AF3-4F14-9EC1-583DA1E24E4A}.Release|Any CPU.ActiveCfg = Release|Any CPU
		{EE80F8A8-1AF3-4F14-9EC1-583DA1E24E4A}.Release|Any CPU.Build.0 = Release|Any CPU
		{D85E22FF-3D7A-4BF1-90FC-2458B5E67EFA}.Debug|Any CPU.ActiveCfg = Debug|Any CPU
		{D85E22FF-3D7A-4BF1-90FC-2458B5E67EFA}.Debug|Any CPU.Build.0 = Debug|Any CPU
		{D85E22FF-3D7A-4BF1-90FC-2458B5E67EFA}.Release|Any CPU.ActiveCfg = Release|Any CPU
		{D85E22FF-3D7A-4BF1-90FC-2458B5E67EFA}.Release|Any CPU.Build.0 = Release|Any CPU
		{7043678C-7EF2-4447-99C3-59617E845969}.Debug|Any CPU.ActiveCfg = Debug|Any CPU
		{7043678C-7EF2-4447-99C3-59617E845969}.Debug|Any CPU.Build.0 = Debug|Any CPU
		{7043678C-7EF2-4447-99C3-59617E845969}.Release|Any CPU.ActiveCfg = Release|Any CPU
		{7043678C-7EF2-4447-99C3-59617E845969}.Release|Any CPU.Build.0 = Release|Any CPU
		{4802ED6B-F29F-42B5-BEB1-DF208DC3F25B}.Debug|Any CPU.ActiveCfg = Debug|Any CPU
		{4802ED6B-F29F-42B5-BEB1-DF208DC3F25B}.Debug|Any CPU.Build.0 = Debug|Any CPU
		{4802ED6B-F29F-42B5-BEB1-DF208DC3F25B}.Release|Any CPU.ActiveCfg = Release|Any CPU
		{4802ED6B-F29F-42B5-BEB1-DF208DC3F25B}.Release|Any CPU.Build.0 = Release|Any CPU
		{ED2F5167-4536-417F-BCB2-9D25AE630D6D}.Debug|Any CPU.ActiveCfg = Debug|Any CPU
		{ED2F5167-4536-417F-BCB2-9D25AE630D6D}.Debug|Any CPU.Build.0 = Debug|Any CPU
		{ED2F5167-4536-417F-BCB2-9D25AE630D6D}.Release|Any CPU.ActiveCfg = Release|Any CPU
		{ED2F5167-4536-417F-BCB2-9D25AE630D6D}.Release|Any CPU.Build.0 = Release|Any CPU
		{E8C3B552-5FAD-47F0-9B95-C3D95F23034F}.Debug|Any CPU.ActiveCfg = Debug|Any CPU
		{E8C3B552-5FAD-47F0-9B95-C3D95F23034F}.Debug|Any CPU.Build.0 = Debug|Any CPU
		{E8C3B552-5FAD-47F0-9B95-C3D95F23034F}.Release|Any CPU.ActiveCfg = Release|Any CPU
		{E8C3B552-5FAD-47F0-9B95-C3D95F23034F}.Release|Any CPU.Build.0 = Release|Any CPU
		{15E007A8-5DB7-4D7C-B5FB-0F9496AF4E0E}.Debug|Any CPU.ActiveCfg = Debug|Any CPU
		{15E007A8-5DB7-4D7C-B5FB-0F9496AF4E0E}.Debug|Any CPU.Build.0 = Debug|Any CPU
		{15E007A8-5DB7-4D7C-B5FB-0F9496AF4E0E}.Release|Any CPU.ActiveCfg = Release|Any CPU
		{15E007A8-5DB7-4D7C-B5FB-0F9496AF4E0E}.Release|Any CPU.Build.0 = Release|Any CPU
		{EB14EA65-BDD1-467A-A87F-69331A36CA38}.Debug|Any CPU.ActiveCfg = Debug|Any CPU
		{EB14EA65-BDD1-467A-A87F-69331A36CA38}.Debug|Any CPU.Build.0 = Debug|Any CPU
		{EB14EA65-BDD1-467A-A87F-69331A36CA38}.Release|Any CPU.ActiveCfg = Release|Any CPU
		{EB14EA65-BDD1-467A-A87F-69331A36CA38}.Release|Any CPU.Build.0 = Release|Any CPU
		{C33D82CA-1BE4-4C54-86C4-B89C95CD5C57}.Debug|Any CPU.ActiveCfg = Debug|Any CPU
		{C33D82CA-1BE4-4C54-86C4-B89C95CD5C57}.Debug|Any CPU.Build.0 = Debug|Any CPU
		{C33D82CA-1BE4-4C54-86C4-B89C95CD5C57}.Release|Any CPU.ActiveCfg = Release|Any CPU
		{C33D82CA-1BE4-4C54-86C4-B89C95CD5C57}.Release|Any CPU.Build.0 = Release|Any CPU
		{44E7B26F-57D2-4BBC-B00C-7F4EC83EBAAA}.Debug|Any CPU.ActiveCfg = Debug|Any CPU
		{44E7B26F-57D2-4BBC-B00C-7F4EC83EBAAA}.Debug|Any CPU.Build.0 = Debug|Any CPU
		{44E7B26F-57D2-4BBC-B00C-7F4EC83EBAAA}.Release|Any CPU.ActiveCfg = Release|Any CPU
		{44E7B26F-57D2-4BBC-B00C-7F4EC83EBAAA}.Release|Any CPU.Build.0 = Release|Any CPU
		{09516178-B141-486A-8223-0A11BA83C608}.Debug|Any CPU.ActiveCfg = Debug|Any CPU
		{09516178-B141-486A-8223-0A11BA83C608}.Debug|Any CPU.Build.0 = Debug|Any CPU
		{09516178-B141-486A-8223-0A11BA83C608}.Release|Any CPU.ActiveCfg = Release|Any CPU
		{09516178-B141-486A-8223-0A11BA83C608}.Release|Any CPU.Build.0 = Release|Any CPU
		{C3B31911-6F98-42FC-B30A-D978F14BD1DF}.Debug|Any CPU.ActiveCfg = Debug|Any CPU
		{C3B31911-6F98-42FC-B30A-D978F14BD1DF}.Debug|Any CPU.Build.0 = Debug|Any CPU
		{C3B31911-6F98-42FC-B30A-D978F14BD1DF}.Release|Any CPU.ActiveCfg = Release|Any CPU
		{C3B31911-6F98-42FC-B30A-D978F14BD1DF}.Release|Any CPU.Build.0 = Release|Any CPU
		{E742989F-7C49-4134-A8A9-60F8B1F680CF}.Debug|Any CPU.ActiveCfg = Debug|Any CPU
		{E742989F-7C49-4134-A8A9-60F8B1F680CF}.Debug|Any CPU.Build.0 = Debug|Any CPU
		{E742989F-7C49-4134-A8A9-60F8B1F680CF}.Release|Any CPU.ActiveCfg = Release|Any CPU
		{E742989F-7C49-4134-A8A9-60F8B1F680CF}.Release|Any CPU.Build.0 = Release|Any CPU
		{7DA18D90-2955-4A8A-8F73-00FA706FCE45}.Debug|Any CPU.ActiveCfg = Debug|Any CPU
		{7DA18D90-2955-4A8A-8F73-00FA706FCE45}.Debug|Any CPU.Build.0 = Debug|Any CPU
		{7DA18D90-2955-4A8A-8F73-00FA706FCE45}.Release|Any CPU.ActiveCfg = Release|Any CPU
		{7DA18D90-2955-4A8A-8F73-00FA706FCE45}.Release|Any CPU.Build.0 = Release|Any CPU
	EndGlobalSection
	GlobalSection(SolutionProperties) = preSolution
		HideSolutionNode = FALSE
	EndGlobalSection
	GlobalSection(NestedProjects) = preSolution
		{9E419B91-01D8-45EF-BFDC-BD6A5126980E} = {21F96895-3756-4412-94DF-55A103832A06}
		{E53557EB-756F-42FF-861F-3741407D84CB} = {9E419B91-01D8-45EF-BFDC-BD6A5126980E}
		{1DC7A7C5-8936-4AB8-AC49-CAA6C0568E01} = {E53557EB-756F-42FF-861F-3741407D84CB}
		{14762533-B8FD-4A44-99DD-EDF326535806} = {E53557EB-756F-42FF-861F-3741407D84CB}
		{D35AB55E-22A8-493A-97D4-7323707CCF88} = {E53557EB-756F-42FF-861F-3741407D84CB}
		{5B854002-A6E7-45D1-BE3D-CB07142A4FF6} = {9E419B91-01D8-45EF-BFDC-BD6A5126980E}
		{DD6EE37A-D62E-44A4-8697-1FBFEFAEF26C} = {5B854002-A6E7-45D1-BE3D-CB07142A4FF6}
		{EB0F65A5-4694-42D9-9AA8-4A8B1590164F} = {5B854002-A6E7-45D1-BE3D-CB07142A4FF6}
		{7AE81256-43AC-4F1D-B5A3-C2D1126791AC} = {9E419B91-01D8-45EF-BFDC-BD6A5126980E}
		{8DF26124-AE30-4006-A53C-CE4897728F71} = {9E419B91-01D8-45EF-BFDC-BD6A5126980E}
		{59EF6E83-CD76-474E-A680-FEF3C7AF470E} = {9E419B91-01D8-45EF-BFDC-BD6A5126980E}
		{D14B3E9D-8C64-4380-A046-0CDD0DEDF505} = {21F96895-3756-4412-94DF-55A103832A06}
		{E0C99F76-EFD0-4AD3-8E71-7ED16804B455} = {D14B3E9D-8C64-4380-A046-0CDD0DEDF505}
		{59C66050-2869-4147-A1A8-DCE3AC8E9020} = {D14B3E9D-8C64-4380-A046-0CDD0DEDF505}
		{FF38FA54-7C9D-4176-B4F5-84572ECD2B92} = {D14B3E9D-8C64-4380-A046-0CDD0DEDF505}
		{EE80F8A8-1AF3-4F14-9EC1-583DA1E24E4A} = {D14B3E9D-8C64-4380-A046-0CDD0DEDF505}
		{D85E22FF-3D7A-4BF1-90FC-2458B5E67EFA} = {D14B3E9D-8C64-4380-A046-0CDD0DEDF505}
		{7043678C-7EF2-4447-99C3-59617E845969} = {E0C99F76-EFD0-4AD3-8E71-7ED16804B455}
		{4802ED6B-F29F-42B5-BEB1-DF208DC3F25B} = {E0C99F76-EFD0-4AD3-8E71-7ED16804B455}
		{ED2F5167-4536-417F-BCB2-9D25AE630D6D} = {59C66050-2869-4147-A1A8-DCE3AC8E9020}
		{E8C3B552-5FAD-47F0-9B95-C3D95F23034F} = {59C66050-2869-4147-A1A8-DCE3AC8E9020}
		{15E007A8-5DB7-4D7C-B5FB-0F9496AF4E0E} = {4FE6E144-D260-4941-95CB-E0A7F28AA71E}
		{8323FB37-037C-4688-BEE7-627A3439F2E8} = {21F96895-3756-4412-94DF-55A103832A06}
		{F3005259-5873-4A42-B01A-17837DD2B0F3} = {21F96895-3756-4412-94DF-55A103832A06}
		{C97C0676-6508-4E2A-9130-38C74A926CD9} = {F3005259-5873-4A42-B01A-17837DD2B0F3}
		{7DE95AC6-C92B-4806-BBA9-AE4B82C04E05} = {F3005259-5873-4A42-B01A-17837DD2B0F3}
		{EB14EA65-BDD1-467A-A87F-69331A36CA38} = {F3005259-5873-4A42-B01A-17837DD2B0F3}
		{C33D82CA-1BE4-4C54-86C4-B89C95CD5C57} = {F3005259-5873-4A42-B01A-17837DD2B0F3}
		{44E7B26F-57D2-4BBC-B00C-7F4EC83EBAAA} = {F3005259-5873-4A42-B01A-17837DD2B0F3}
		{AC99B2AB-E803-45E5-819E-4679A1A2402F} = {8323FB37-037C-4688-BEE7-627A3439F2E8}
		{C3B31911-6F98-42FC-B30A-D978F14BD1DF} = {AC99B2AB-E803-45E5-819E-4679A1A2402F}
		{E742989F-7C49-4134-A8A9-60F8B1F680CF} = {AC99B2AB-E803-45E5-819E-4679A1A2402F}
		{7DA18D90-2955-4A8A-8F73-00FA706FCE45} = {8323FB37-037C-4688-BEE7-627A3439F2E8}
	EndGlobalSection
	GlobalSection(ExtensibilityGlobals) = postSolution
		SolutionGuid = {56EDA52A-0419-4B00-A737-0FC9AF75167B}
	EndGlobalSection
EndGlobal
